
Microsoft Visual Studio Solution File, Format Version 12.00
# Visual Studio Version 17
VisualStudioVersion = 17.10.35122.118
MinimumVisualStudioVersion = 10.0.40219.1
Project("{FAE04EC0-301F-11D3-BF4B-00C04F79EFBC}") = "FomularioEstudio", "FomularioEstudio.csproj", "{9E596523-EABB-4EAF-9B42-FFAD3F66CB1D}"
EndProject
Global
	GlobalSection(SolutionConfigurationPlatforms) = preSolution
		Debug|Any CPU = Debug|Any CPU
		Release|Any CPU = Release|Any CPU
	EndGlobalSection
	GlobalSection(ProjectConfigurationPlatforms) = postSolution
		{9E596523-EABB-4EAF-9B42-FFAD3F66CB1D}.Debug|Any CPU.ActiveCfg = Debug|Any CPU
		{9E596523-EABB-4EAF-9B42-FFAD3F66CB1D}.Debug|Any CPU.Build.0 = Debug|Any CPU
		{9E596523-EABB-4EAF-9B42-FFAD3F66CB1D}.Release|Any CPU.ActiveCfg = Release|Any CPU
		{9E596523-EABB-4EAF-9B42-FFAD3F66CB1D}.Release|Any CPU.Build.0 = Release|Any CPU
	EndGlobalSection
	GlobalSection(SolutionProperties) = preSolution
		HideSolutionNode = FALSE
	EndGlobalSection
	GlobalSection(ExtensibilityGlobals) = postSolution
		SolutionGuid = {5FD98340-6908-4372-B239-F7F76C80B45D}
	EndGlobalSection
EndGlobal
